{
    "name": "com.phonegap.helloworld",
    "version": "1.0.0",
    "lockfileVersion": 1,
    "requires": true,
    "dependencies": {
        "cordova-plugin-background-mode": {
            "version": "0.7.2",
            "resolved": "https://registry.npmjs.org/cordova-plugin-background-mode/-/cordova-plugin-background-mode-0.7.2.tgz",
            "integrity": "sha1-6vVjnAZahyMbPs91em4osQHQMy8="
        },
        "cordova-plugin-geolocation": {
            "version": "git+https://github.com/apache/cordova-plugin-geolocation.git#6fd784740cd232277284933811d08f9c74f33c22",
            "from": "git+https://github.com/apache/cordova-plugin-geolocation.git"
        }
    }
}
