{
    "name": "com.phonegap.helloworld",
    "version": "1.0.0",
    "lockfileVersion": 1,
    "requires": true,
    "dependencies": {
        "cordova-plugin-geolocation": {
            "version": "git+https://github.com/apache/cordova-plugin-geolocation.git#6fd784740cd232277284933811d08f9c74f33c22",
            "from": "git+https://github.com/apache/cordova-plugin-geolocation.git"
        }
    }
}
